
Microsoft Visual Studio Solution File, Format Version 12.00
# Visual Studio Version 17
VisualStudioVersion = 17.14.36429.23 d17.14
MinimumVisualStudioVersion = 10.0.40219.1
Project("{FAE04EC0-301F-11D3-BF4B-00C04F79EFBC}") = "quicksort", "quicksort\quicksort.csproj", "{6C85D4FE-BDB3-43E1-8253-7D539D122058}"
EndProject
Global
	GlobalSection(SolutionConfigurationPlatforms) = preSolution
		Debug|Any CPU = Debug|Any CPU
		Release|Any CPU = Release|Any CPU
	EndGlobalSection
	GlobalSection(ProjectConfigurationPlatforms) = postSolution
		{6C85D4FE-BDB3-43E1-8253-7D539D122058}.Debug|Any CPU.ActiveCfg = Debug|Any CPU
		{6C85D4FE-BDB3-43E1-8253-7D539D122058}.Debug|Any CPU.Build.0 = Debug|Any CPU
		{6C85D4FE-BDB3-43E1-8253-7D539D122058}.Release|Any CPU.ActiveCfg = Release|Any CPU
		{6C85D4FE-BDB3-43E1-8253-7D539D122058}.Release|Any CPU.Build.0 = Release|Any CPU
	EndGlobalSection
	GlobalSection(SolutionProperties) = preSolution
		HideSolutionNode = FALSE
	EndGlobalSection
	GlobalSection(ExtensibilityGlobals) = postSolution
		SolutionGuid = {D1BED9C2-CA9A-42A4-9D89-383D4D58F255}
	EndGlobalSection
EndGlobal
