
Microsoft Visual Studio Solution File, Format Version 12.00
# Visual Studio Version 17
VisualStudioVersion = 17.14.36429.23 d17.14
MinimumVisualStudioVersion = 10.0.40219.1
Project("{FAE04EC0-301F-11D3-BF4B-00C04F79EFBC}") = "test_grafy", "test_grafy\test_grafy.csproj", "{06E69438-8D94-44A1-A0A0-8B2B7E778587}"
EndProject
Global
	GlobalSection(SolutionConfigurationPlatforms) = preSolution
		Debug|Any CPU = Debug|Any CPU
		Release|Any CPU = Release|Any CPU
	EndGlobalSection
	GlobalSection(ProjectConfigurationPlatforms) = postSolution
		{06E69438-8D94-44A1-A0A0-8B2B7E778587}.Debug|Any CPU.ActiveCfg = Debug|Any CPU
		{06E69438-8D94-44A1-A0A0-8B2B7E778587}.Debug|Any CPU.Build.0 = Debug|Any CPU
		{06E69438-8D94-44A1-A0A0-8B2B7E778587}.Release|Any CPU.ActiveCfg = Release|Any CPU
		{06E69438-8D94-44A1-A0A0-8B2B7E778587}.Release|Any CPU.Build.0 = Release|Any CPU
	EndGlobalSection
	GlobalSection(SolutionProperties) = preSolution
		HideSolutionNode = FALSE
	EndGlobalSection
	GlobalSection(ExtensibilityGlobals) = postSolution
		SolutionGuid = {94E9E165-B598-40E7-8324-7F35AF6B521F}
	EndGlobalSection
EndGlobal
